
Microsoft Visual Studio Solution File, Format Version 11.00
# Visual C# Express 2010
Project("{FAE04EC0-301F-11D3-BF4B-00C04F79EFBC}") = "OlympiaG3", "olygui\OlympiaG3.csproj", "{048F641D-0D11-40F7-B851-E614C657C73C}"
EndProject
Project("{FAE04EC0-301F-11D3-BF4B-00C04F79EFBC}") = "mapgui", "mapgui\mapgui.csproj", "{16E31422-DA66-4B5A-ACB5-59850599EEAD}"
EndProject
Global
	GlobalSection(SolutionConfigurationPlatforms) = preSolution
		Debug|Any CPU = Debug|Any CPU
		Release|Any CPU = Release|Any CPU
	EndGlobalSection
	GlobalSection(ProjectConfigurationPlatforms) = postSolution
		{048F641D-0D11-40F7-B851-E614C657C73C}.Debug|Any CPU.ActiveCfg = Debug|Any CPU
		{048F641D-0D11-40F7-B851-E614C657C73C}.Debug|Any CPU.Build.0 = Debug|Any CPU
		{048F641D-0D11-40F7-B851-E614C657C73C}.Release|Any CPU.ActiveCfg = Release|Any CPU
		{048F641D-0D11-40F7-B851-E614C657C73C}.Release|Any CPU.Build.0 = Release|Any CPU
		{16E31422-DA66-4B5A-ACB5-59850599EEAD}.Debug|Any CPU.ActiveCfg = Debug|Any CPU
		{16E31422-DA66-4B5A-ACB5-59850599EEAD}.Debug|Any CPU.Build.0 = Debug|Any CPU
		{16E31422-DA66-4B5A-ACB5-59850599EEAD}.Release|Any CPU.ActiveCfg = Release|Any CPU
		{16E31422-DA66-4B5A-ACB5-59850599EEAD}.Release|Any CPU.Build.0 = Release|Any CPU
	EndGlobalSection
	GlobalSection(SolutionProperties) = preSolution
		HideSolutionNode = FALSE
	EndGlobalSection
EndGlobal
